
Microsoft Visual Studio Solution File, Format Version 12.00
# Visual Studio Version 17
VisualStudioVersion = 17.3.32929.385
MinimumVisualStudioVersion = 10.0.40219.1
Project("{FAE04EC0-301F-11D3-BF4B-00C04F79EFBC}") = "Student", "College\Student.csproj", "{F8A38641-A2E6-48F0-AA60-C39903E22682}"
EndProject
Project("{FAE04EC0-301F-11D3-BF4B-00C04F79EFBC}") = "Guests", "Guests\Guests.csproj", "{55FC3178-E377-4318-82A2-420D9D4AE9A9}"
EndProject
Project("{FAE04EC0-301F-11D3-BF4B-00C04F79EFBC}") = "Host", "GuestsForShabbat\Host.csproj", "{0F1D6F54-C5A7-48C9-B0D7-249F28C58207}"
EndProject
Project("{FAE04EC0-301F-11D3-BF4B-00C04F79EFBC}") = "Administrator", "Administrator\Administrator.csproj", "{322A32DE-1B31-42B7-AF68-7D594501B96B}"
EndProject
Project("{FAE04EC0-301F-11D3-BF4B-00C04F79EFBC}") = "TimeClock", "TimeClock\TimeClock.csproj", "{32A48320-A632-42D1-ABF6-456D2F11480F}"
EndProject
Project("{FAE04EC0-301F-11D3-BF4B-00C04F79EFBC}") = "Calculator", "Calculator\Calculator.csproj", "{74216C4A-A68C-4BE2-8F11-C3B6A8FC7B3C}"
EndProject
Project("{FAE04EC0-301F-11D3-BF4B-00C04F79EFBC}") = "Class.EmployeesEx", "Class.EmployeesEx\Class.EmployeesEx.csproj", "{CF3E7DF3-2158-4F00-BF17-0705F675ADD7}"
EndProject
Project("{FAE04EC0-301F-11D3-BF4B-00C04F79EFBC}") = "Class.GradesEx", "Class.GradesEx\Class.GradesEx.csproj", "{591CA223-6729-4858-83F1-3F909D666861}"
EndProject
Project("{FAE04EC0-301F-11D3-BF4B-00C04F79EFBC}") = "Classes.CarColorEx", "ClassesEx\Classes.CarColorEx.csproj", "{FB3E5105-F182-4BB3-A467-B469FE880986}"
EndProject
Project("{FAE04EC0-301F-11D3-BF4B-00C04F79EFBC}") = "Employees", "Employees\Employees.csproj", "{39362202-4CBD-48BB-8864-BD006D011F83}"
EndProject
Project("{FAE04EC0-301F-11D3-BF4B-00C04F79EFBC}") = "Exercises", "Exercises\Exercises.csproj", "{9F1E0B98-1724-4A77-BA06-E91F16FF20D4}"
EndProject
Project("{FAE04EC0-301F-11D3-BF4B-00C04F79EFBC}") = "Pillar", "Pillar\Pillar.csproj", "{B84D5093-2F5E-471E-9FDD-6B96B8B9DD29}"
EndProject
Project("{2150E333-8FDC-42A3-9474-1A3956D46DE8}") = "lerning", "lerning", "{A96EBCFC-B1CD-4643-AA1F-59754841E66E}"
EndProject
Project("{2150E333-8FDC-42A3-9474-1A3956D46DE8}") = "ClassesEx", "ClassesEx", "{B812BE27-A318-47EC-8700-6D34D35EBC34}"
EndProject
Project("{2150E333-8FDC-42A3-9474-1A3956D46DE8}") = "GuestsForShabbat", "GuestsForShabbat", "{0D151AA9-8E81-48FD-A428-B1E8A92DD4E7}"
EndProject
Project("{2150E333-8FDC-42A3-9474-1A3956D46DE8}") = "College", "College", "{09FB5827-0636-46A6-BCD7-BE6DF7D34F7A}"
EndProject
Project("{9A19103F-16F7-4668-BE54-9A1E7A4F7556}") = "XMLFirstProject", "XMLFirstProject\XMLFirstProject.csproj", "{222F97D5-AC68-4183-BCED-B6F7188A6A9D}"
EndProject
Project("{2150E333-8FDC-42A3-9474-1A3956D46DE8}") = "Vending machine", "Vending machine", "{AF6F9E57-91CE-4C10-B747-D594E6277520}"
EndProject
Project("{FAE04EC0-301F-11D3-BF4B-00C04F79EFBC}") = "Vending machine", "Vending machine\Vending machine.csproj", "{E50A63B3-0E5D-4D5A-A284-07A0BBE5FD85}"
EndProject
Project("{9A19103F-16F7-4668-BE54-9A1E7A4F7556}") = "XMLMiniProject", "XMLMiniProject\XMLMiniProject.csproj", "{254EBBDB-99EE-4115-B27D-7E4FAF3B6EEE}"
EndProject
Project("{FAE04EC0-301F-11D3-BF4B-00C04F79EFBC}") = "RabanutProject", "RabanutProject\RabanutProject.csproj", "{2C8FE4CD-F63F-43EE-B9E2-E84B80E8FE7D}"
EndProject
Global
	GlobalSection(SolutionConfigurationPlatforms) = preSolution
		Debug|Any CPU = Debug|Any CPU
		Release|Any CPU = Release|Any CPU
	EndGlobalSection
	GlobalSection(ProjectConfigurationPlatforms) = postSolution
		{F8A38641-A2E6-48F0-AA60-C39903E22682}.Debug|Any CPU.ActiveCfg = Debug|Any CPU
		{F8A38641-A2E6-48F0-AA60-C39903E22682}.Debug|Any CPU.Build.0 = Debug|Any CPU
		{F8A38641-A2E6-48F0-AA60-C39903E22682}.Release|Any CPU.ActiveCfg = Release|Any CPU
		{F8A38641-A2E6-48F0-AA60-C39903E22682}.Release|Any CPU.Build.0 = Release|Any CPU
		{55FC3178-E377-4318-82A2-420D9D4AE9A9}.Debug|Any CPU.ActiveCfg = Debug|Any CPU
		{55FC3178-E377-4318-82A2-420D9D4AE9A9}.Debug|Any CPU.Build.0 = Debug|Any CPU
		{55FC3178-E377-4318-82A2-420D9D4AE9A9}.Release|Any CPU.ActiveCfg = Release|Any CPU
		{55FC3178-E377-4318-82A2-420D9D4AE9A9}.Release|Any CPU.Build.0 = Release|Any CPU
		{0F1D6F54-C5A7-48C9-B0D7-249F28C58207}.Debug|Any CPU.ActiveCfg = Debug|Any CPU
		{0F1D6F54-C5A7-48C9-B0D7-249F28C58207}.Debug|Any CPU.Build.0 = Debug|Any CPU
		{0F1D6F54-C5A7-48C9-B0D7-249F28C58207}.Release|Any CPU.ActiveCfg = Release|Any CPU
		{0F1D6F54-C5A7-48C9-B0D7-249F28C58207}.Release|Any CPU.Build.0 = Release|Any CPU
		{322A32DE-1B31-42B7-AF68-7D594501B96B}.Debug|Any CPU.ActiveCfg = Debug|Any CPU
		{322A32DE-1B31-42B7-AF68-7D594501B96B}.Debug|Any CPU.Build.0 = Debug|Any CPU
		{322A32DE-1B31-42B7-AF68-7D594501B96B}.Release|Any CPU.ActiveCfg = Release|Any CPU
		{322A32DE-1B31-42B7-AF68-7D594501B96B}.Release|Any CPU.Build.0 = Release|Any CPU
		{32A48320-A632-42D1-ABF6-456D2F11480F}.Debug|Any CPU.ActiveCfg = Debug|Any CPU
		{32A48320-A632-42D1-ABF6-456D2F11480F}.Debug|Any CPU.Build.0 = Debug|Any CPU
		{32A48320-A632-42D1-ABF6-456D2F11480F}.Release|Any CPU.ActiveCfg = Release|Any CPU
		{32A48320-A632-42D1-ABF6-456D2F11480F}.Release|Any CPU.Build.0 = Release|Any CPU
		{74216C4A-A68C-4BE2-8F11-C3B6A8FC7B3C}.Debug|Any CPU.ActiveCfg = Debug|Any CPU
		{74216C4A-A68C-4BE2-8F11-C3B6A8FC7B3C}.Debug|Any CPU.Build.0 = Debug|Any CPU
		{74216C4A-A68C-4BE2-8F11-C3B6A8FC7B3C}.Release|Any CPU.ActiveCfg = Release|Any CPU
		{74216C4A-A68C-4BE2-8F11-C3B6A8FC7B3C}.Release|Any CPU.Build.0 = Release|Any CPU
		{CF3E7DF3-2158-4F00-BF17-0705F675ADD7}.Debug|Any CPU.ActiveCfg = Debug|Any CPU
		{CF3E7DF3-2158-4F00-BF17-0705F675ADD7}.Debug|Any CPU.Build.0 = Debug|Any CPU
		{CF3E7DF3-2158-4F00-BF17-0705F675ADD7}.Release|Any CPU.ActiveCfg = Release|Any CPU
		{CF3E7DF3-2158-4F00-BF17-0705F675ADD7}.Release|Any CPU.Build.0 = Release|Any CPU
		{591CA223-6729-4858-83F1-3F909D666861}.Debug|Any CPU.ActiveCfg = Debug|Any CPU
		{591CA223-6729-4858-83F1-3F909D666861}.Debug|Any CPU.Build.0 = Debug|Any CPU
		{591CA223-6729-4858-83F1-3F909D666861}.Release|Any CPU.ActiveCfg = Release|Any CPU
		{591CA223-6729-4858-83F1-3F909D666861}.Release|Any CPU.Build.0 = Release|Any CPU
		{FB3E5105-F182-4BB3-A467-B469FE880986}.Debug|Any CPU.ActiveCfg = Debug|Any CPU
		{FB3E5105-F182-4BB3-A467-B469FE880986}.Debug|Any CPU.Build.0 = Debug|Any CPU
		{FB3E5105-F182-4BB3-A467-B469FE880986}.Release|Any CPU.ActiveCfg = Release|Any CPU
		{FB3E5105-F182-4BB3-A467-B469FE880986}.Release|Any CPU.Build.0 = Release|Any CPU
		{39362202-4CBD-48BB-8864-BD006D011F83}.Debug|Any CPU.ActiveCfg = Debug|Any CPU
		{39362202-4CBD-48BB-8864-BD006D011F83}.Debug|Any CPU.Build.0 = Debug|Any CPU
		{39362202-4CBD-48BB-8864-BD006D011F83}.Release|Any CPU.ActiveCfg = Release|Any CPU
		{39362202-4CBD-48BB-8864-BD006D011F83}.Release|Any CPU.Build.0 = Release|Any CPU
		{9F1E0B98-1724-4A77-BA06-E91F16FF20D4}.Debug|Any CPU.ActiveCfg = Debug|Any CPU
		{9F1E0B98-1724-4A77-BA06-E91F16FF20D4}.Debug|Any CPU.Build.0 = Debug|Any CPU
		{9F1E0B98-1724-4A77-BA06-E91F16FF20D4}.Release|Any CPU.ActiveCfg = Release|Any CPU
		{9F1E0B98-1724-4A77-BA06-E91F16FF20D4}.Release|Any CPU.Build.0 = Release|Any CPU
		{B84D5093-2F5E-471E-9FDD-6B96B8B9DD29}.Debug|Any CPU.ActiveCfg = Debug|Any CPU
		{B84D5093-2F5E-471E-9FDD-6B96B8B9DD29}.Debug|Any CPU.Build.0 = Debug|Any CPU
		{B84D5093-2F5E-471E-9FDD-6B96B8B9DD29}.Release|Any CPU.ActiveCfg = Release|Any CPU
		{B84D5093-2F5E-471E-9FDD-6B96B8B9DD29}.Release|Any CPU.Build.0 = Release|Any CPU
		{222F97D5-AC68-4183-BCED-B6F7188A6A9D}.Debug|Any CPU.ActiveCfg = Debug|Any CPU
		{222F97D5-AC68-4183-BCED-B6F7188A6A9D}.Debug|Any CPU.Build.0 = Debug|Any CPU
		{222F97D5-AC68-4183-BCED-B6F7188A6A9D}.Release|Any CPU.ActiveCfg = Release|Any CPU
		{222F97D5-AC68-4183-BCED-B6F7188A6A9D}.Release|Any CPU.Build.0 = Release|Any CPU
		{E50A63B3-0E5D-4D5A-A284-07A0BBE5FD85}.Debug|Any CPU.ActiveCfg = Debug|Any CPU
		{E50A63B3-0E5D-4D5A-A284-07A0BBE5FD85}.Debug|Any CPU.Build.0 = Debug|Any CPU
		{E50A63B3-0E5D-4D5A-A284-07A0BBE5FD85}.Release|Any CPU.ActiveCfg = Release|Any CPU
		{E50A63B3-0E5D-4D5A-A284-07A0BBE5FD85}.Release|Any CPU.Build.0 = Release|Any CPU
		{254EBBDB-99EE-4115-B27D-7E4FAF3B6EEE}.Debug|Any CPU.ActiveCfg = Debug|Any CPU
		{254EBBDB-99EE-4115-B27D-7E4FAF3B6EEE}.Debug|Any CPU.Build.0 = Debug|Any CPU
		{254EBBDB-99EE-4115-B27D-7E4FAF3B6EEE}.Release|Any CPU.ActiveCfg = Release|Any CPU
		{254EBBDB-99EE-4115-B27D-7E4FAF3B6EEE}.Release|Any CPU.Build.0 = Release|Any CPU
		{2C8FE4CD-F63F-43EE-B9E2-E84B80E8FE7D}.Debug|Any CPU.ActiveCfg = Debug|Any CPU
		{2C8FE4CD-F63F-43EE-B9E2-E84B80E8FE7D}.Debug|Any CPU.Build.0 = Debug|Any CPU
		{2C8FE4CD-F63F-43EE-B9E2-E84B80E8FE7D}.Release|Any CPU.ActiveCfg = Release|Any CPU
		{2C8FE4CD-F63F-43EE-B9E2-E84B80E8FE7D}.Release|Any CPU.Build.0 = Release|Any CPU
	EndGlobalSection
	GlobalSection(SolutionProperties) = preSolution
		HideSolutionNode = FALSE
	EndGlobalSection
	GlobalSection(NestedProjects) = preSolution
		{F8A38641-A2E6-48F0-AA60-C39903E22682} = {09FB5827-0636-46A6-BCD7-BE6DF7D34F7A}
		{55FC3178-E377-4318-82A2-420D9D4AE9A9} = {0D151AA9-8E81-48FD-A428-B1E8A92DD4E7}
		{0F1D6F54-C5A7-48C9-B0D7-249F28C58207} = {0D151AA9-8E81-48FD-A428-B1E8A92DD4E7}
		{322A32DE-1B31-42B7-AF68-7D594501B96B} = {09FB5827-0636-46A6-BCD7-BE6DF7D34F7A}
		{CF3E7DF3-2158-4F00-BF17-0705F675ADD7} = {B812BE27-A318-47EC-8700-6D34D35EBC34}
		{591CA223-6729-4858-83F1-3F909D666861} = {B812BE27-A318-47EC-8700-6D34D35EBC34}
		{FB3E5105-F182-4BB3-A467-B469FE880986} = {B812BE27-A318-47EC-8700-6D34D35EBC34}
		{222F97D5-AC68-4183-BCED-B6F7188A6A9D} = {A96EBCFC-B1CD-4643-AA1F-59754841E66E}
		{E50A63B3-0E5D-4D5A-A284-07A0BBE5FD85} = {AF6F9E57-91CE-4C10-B747-D594E6277520}
		{254EBBDB-99EE-4115-B27D-7E4FAF3B6EEE} = {A96EBCFC-B1CD-4643-AA1F-59754841E66E}
	EndGlobalSection
	GlobalSection(ExtensibilityGlobals) = postSolution
		SolutionGuid = {EC29105D-779A-4D53-B8AA-89E4030327FD}
	EndGlobalSection
EndGlobal
